// !$*UTF8*$!
{
	archiveVersion = 1;
	classes = {
	};
	objectVersion = 48;
	objects = {

/* Begin PBXBuildFile section */
		3D0B13DEFF9B8DF62E62DD76 /* Pods_DornaTest.framework in Frameworks */ = {isa = PBXBuildFile; fileRef = 280A2A0A51469863FCB91C85 /* Pods_DornaTest.framework */; };
		4EAA9C7EC4F37723B767AF66 /* Pods_DornaTestTests.framework in Frameworks */ = {isa = PBXBuildFile; fileRef = 11F91E683AB4821D237F7499 /* Pods_DornaTestTests.framework */; };
		5921247E20336338000E8F7A /* LibViewController.swift in Sources */ = {isa = PBXBuildFile; fileRef = 59974D1620320726003D3BBE /* LibViewController.swift */; };
		5921247F20336338000E8F7A /* LibViewController.swift in Sources */ = {isa = PBXBuildFile; fileRef = 59974D1620320726003D3BBE /* LibViewController.swift */; };
		592124802033633B000E8F7A /* LibPresenter.swift in Sources */ = {isa = PBXBuildFile; fileRef = 59974D1720320726003D3BBE /* LibPresenter.swift */; };
		592124812033633C000E8F7A /* LibPresenter.swift in Sources */ = {isa = PBXBuildFile; fileRef = 59974D1720320726003D3BBE /* LibPresenter.swift */; };
		592124822033633E000E8F7A /* LibProtocols.swift in Sources */ = {isa = PBXBuildFile; fileRef = 59974D1820320726003D3BBE /* LibProtocols.swift */; };
		592124832033633F000E8F7A /* LibProtocols.swift in Sources */ = {isa = PBXBuildFile; fileRef = 59974D1820320726003D3BBE /* LibProtocols.swift */; };
		592124842033636B000E8F7A /* HomeViewController.swift in Sources */ = {isa = PBXBuildFile; fileRef = 59711E762032331A0058B3A8 /* HomeViewController.swift */; };
		592124852033636C000E8F7A /* HomeViewController.swift in Sources */ = {isa = PBXBuildFile; fileRef = 59711E762032331A0058B3A8 /* HomeViewController.swift */; };
		5921248620336647000E8F7A /* Constants.swift in Sources */ = {isa = PBXBuildFile; fileRef = 59974D0120320726003D3BBE /* Constants.swift */; };
		5921248720336648000E8F7A /* Constants.swift in Sources */ = {isa = PBXBuildFile; fileRef = 59974D0120320726003D3BBE /* Constants.swift */; };
		592124882033664B000E8F7A /* Utils.swift in Sources */ = {isa = PBXBuildFile; fileRef = 59974D0420320726003D3BBE /* Utils.swift */; };
		592124892033664B000E8F7A /* Utils.swift in Sources */ = {isa = PBXBuildFile; fileRef = 59974D0420320726003D3BBE /* Utils.swift */; };
		5921248A2033664F000E8F7A /* DataManager.swift in Sources */ = {isa = PBXBuildFile; fileRef = 59974D0320320726003D3BBE /* DataManager.swift */; };
		5921248B2033664F000E8F7A /* DataManager.swift in Sources */ = {isa = PBXBuildFile; fileRef = 59974D0320320726003D3BBE /* DataManager.swift */; };
		5921248E20336658000E8F7A /* UIColor+Extension.swift in Sources */ = {isa = PBXBuildFile; fileRef = 59974D0A20320726003D3BBE /* UIColor+Extension.swift */; };
		5921248F20336658000E8F7A /* UIColor+Extension.swift in Sources */ = {isa = PBXBuildFile; fileRef = 59974D0A20320726003D3BBE /* UIColor+Extension.swift */; };
		5921249620336665000E8F7A /* UIView+Extension.swift in Sources */ = {isa = PBXBuildFile; fileRef = 59974D0E20320726003D3BBE /* UIView+Extension.swift */; };
		5921249720336666000E8F7A /* UIView+Extension.swift in Sources */ = {isa = PBXBuildFile; fileRef = 59974D0E20320726003D3BBE /* UIView+Extension.swift */; };
		5921249E20336673000E8F7A /* NSDictionary+Extension.swift in Sources */ = {isa = PBXBuildFile; fileRef = 59974D1220320726003D3BBE /* NSDictionary+Extension.swift */; };
		5921249F20336673000E8F7A /* NSDictionary+Extension.swift in Sources */ = {isa = PBXBuildFile; fileRef = 59974D1220320726003D3BBE /* NSDictionary+Extension.swift */; };
		592124A220336679000E8F7A /* String+Extension.swift in Sources */ = {isa = PBXBuildFile; fileRef = 59974D1420320726003D3BBE /* String+Extension.swift */; };
		592124A320336679000E8F7A /* String+Extension.swift in Sources */ = {isa = PBXBuildFile; fileRef = 59974D1420320726003D3BBE /* String+Extension.swift */; };
		592124A62033696C000E8F7A /* URLConstants.swift in Sources */ = {isa = PBXBuildFile; fileRef = 592124A52033696C000E8F7A /* URLConstants.swift */; };
		592124A72033696C000E8F7A /* URLConstants.swift in Sources */ = {isa = PBXBuildFile; fileRef = 592124A52033696C000E8F7A /* URLConstants.swift */; };
		592124A82033696C000E8F7A /* URLConstants.swift in Sources */ = {isa = PBXBuildFile; fileRef = 592124A52033696C000E8F7A /* URLConstants.swift */; };
		592124AA20336A06000E8F7A /* CommunicatorManager.swift in Sources */ = {isa = PBXBuildFile; fileRef = 592124A920336A06000E8F7A /* CommunicatorManager.swift */; };
		592124AB20336A06000E8F7A /* CommunicatorManager.swift in Sources */ = {isa = PBXBuildFile; fileRef = 592124A920336A06000E8F7A /* CommunicatorManager.swift */; };
		592124AC20336A06000E8F7A /* CommunicatorManager.swift in Sources */ = {isa = PBXBuildFile; fileRef = 592124A920336A06000E8F7A /* CommunicatorManager.swift */; };
		59711E772032331A0058B3A8 /* HomeViewController.xib in Resources */ = {isa = PBXBuildFile; fileRef = 59711E752032331A0058B3A8 /* HomeViewController.xib */; };
		59711E782032331A0058B3A8 /* HomeViewController.swift in Sources */ = {isa = PBXBuildFile; fileRef = 59711E762032331A0058B3A8 /* HomeViewController.swift */; };
		59711E7B2032333A0058B3A8 /* HomeDetailViewController.swift in Sources */ = {isa = PBXBuildFile; fileRef = 59711E792032333A0058B3A8 /* HomeDetailViewController.swift */; };
		59711E7C2032333A0058B3A8 /* HomeDetailViewController.swift in Sources */ = {isa = PBXBuildFile; fileRef = 59711E792032333A0058B3A8 /* HomeDetailViewController.swift */; };
		59711E7D2032333A0058B3A8 /* HomeDetailViewController.swift in Sources */ = {isa = PBXBuildFile; fileRef = 59711E792032333A0058B3A8 /* HomeDetailViewController.swift */; };
		59711E7E2032333A0058B3A8 /* HomeDetailViewController.xib in Resources */ = {isa = PBXBuildFile; fileRef = 59711E7A2032333A0058B3A8 /* HomeDetailViewController.xib */; };
		59711E7F2032333A0058B3A8 /* HomeDetailViewController.xib in Resources */ = {isa = PBXBuildFile; fileRef = 59711E7A2032333A0058B3A8 /* HomeDetailViewController.xib */; };
		59711E802032333A0058B3A8 /* HomeDetailViewController.xib in Resources */ = {isa = PBXBuildFile; fileRef = 59711E7A2032333A0058B3A8 /* HomeDetailViewController.xib */; };
		59711E832032351B0058B3A8 /* GrandPrix.swift in Sources */ = {isa = PBXBuildFile; fileRef = 59711E822032351B0058B3A8 /* GrandPrix.swift */; };
		59711E842032351B0058B3A8 /* GrandPrix.swift in Sources */ = {isa = PBXBuildFile; fileRef = 59711E822032351B0058B3A8 /* GrandPrix.swift */; };
		59711E852032351B0058B3A8 /* GrandPrix.swift in Sources */ = {isa = PBXBuildFile; fileRef = 59711E822032351B0058B3A8 /* GrandPrix.swift */; };
		59711E8820335B6A0058B3A8 /* HomeListModel.swift in Sources */ = {isa = PBXBuildFile; fileRef = 59711E8720335B6A0058B3A8 /* HomeListModel.swift */; };
		59711E8920335B6A0058B3A8 /* HomeListModel.swift in Sources */ = {isa = PBXBuildFile; fileRef = 59711E8720335B6A0058B3A8 /* HomeListModel.swift */; };
		59711E8A20335B6A0058B3A8 /* HomeListModel.swift in Sources */ = {isa = PBXBuildFile; fileRef = 59711E8720335B6A0058B3A8 /* HomeListModel.swift */; };
		59711E8C20335B7A0058B3A8 /* HomeDetailModel.swift in Sources */ = {isa = PBXBuildFile; fileRef = 59711E8B20335B7A0058B3A8 /* HomeDetailModel.swift */; };
		59711E8D20335B7A0058B3A8 /* HomeDetailModel.swift in Sources */ = {isa = PBXBuildFile; fileRef = 59711E8B20335B7A0058B3A8 /* HomeDetailModel.swift */; };
		59711E8E20335B7A0058B3A8 /* HomeDetailModel.swift in Sources */ = {isa = PBXBuildFile; fileRef = 59711E8B20335B7A0058B3A8 /* HomeDetailModel.swift */; };
		5980E9D42034E82F00F7E664 /* GPSession.swift in Sources */ = {isa = PBXBuildFile; fileRef = 5980E9D32034E82F00F7E664 /* GPSession.swift */; };
		5980E9D52034E82F00F7E664 /* GPSession.swift in Sources */ = {isa = PBXBuildFile; fileRef = 5980E9D32034E82F00F7E664 /* GPSession.swift */; };
		5980E9D62034E82F00F7E664 /* GPSession.swift in Sources */ = {isa = PBXBuildFile; fileRef = 5980E9D32034E82F00F7E664 /* GPSession.swift */; };
		5980E9D92037AF2800F7E664 /* HomeDetailTableViewCell.swift in Sources */ = {isa = PBXBuildFile; fileRef = 5980E9D72037AF2800F7E664 /* HomeDetailTableViewCell.swift */; };
		5980E9DA2037AF2800F7E664 /* HomeDetailTableViewCell.swift in Sources */ = {isa = PBXBuildFile; fileRef = 5980E9D72037AF2800F7E664 /* HomeDetailTableViewCell.swift */; };
		5980E9DB2037AF2800F7E664 /* HomeDetailTableViewCell.swift in Sources */ = {isa = PBXBuildFile; fileRef = 5980E9D72037AF2800F7E664 /* HomeDetailTableViewCell.swift */; };
		5980E9DC2037AF2800F7E664 /* HomeDetailTableViewCell.xib in Resources */ = {isa = PBXBuildFile; fileRef = 5980E9D82037AF2800F7E664 /* HomeDetailTableViewCell.xib */; };
		5980E9DD2037AF2800F7E664 /* HomeDetailTableViewCell.xib in Resources */ = {isa = PBXBuildFile; fileRef = 5980E9D82037AF2800F7E664 /* HomeDetailTableViewCell.xib */; };
		5980E9DE2037AF2800F7E664 /* HomeDetailTableViewCell.xib in Resources */ = {isa = PBXBuildFile; fileRef = 5980E9D82037AF2800F7E664 /* HomeDetailTableViewCell.xib */; };
		59974CCE20320712003D3BBE /* Assets.xcassets in Resources */ = {isa = PBXBuildFile; fileRef = 59974CCD20320712003D3BBE /* Assets.xcassets */; };
		59974CD120320712003D3BBE /* LaunchScreen.storyboard in Resources */ = {isa = PBXBuildFile; fileRef = 59974CCF20320712003D3BBE /* LaunchScreen.storyboard */; };
		59974CD320320712003D3BBE /* AppDelegate.swift in Sources */ = {isa = PBXBuildFile; fileRef = 59974CD220320712003D3BBE /* AppDelegate.swift */; };
		59974CD520320712003D3BBE /* Main.storyboard in Resources */ = {isa = PBXBuildFile; fileRef = 59974CD420320712003D3BBE /* Main.storyboard */; };
		59974CD720320712003D3BBE /* ViewController.swift in Sources */ = {isa = PBXBuildFile; fileRef = 59974CD620320712003D3BBE /* ViewController.swift */; };
		59974CDC20320712003D3BBE /* DornaTest.xcdatamodeld in Sources */ = {isa = PBXBuildFile; fileRef = 59974CDA20320712003D3BBE /* DornaTest.xcdatamodeld */; };
		59974CE720320712003D3BBE /* DornaTestTests.swift in Sources */ = {isa = PBXBuildFile; fileRef = 59974CE620320712003D3BBE /* DornaTestTests.swift */; };
		59974CF220320712003D3BBE /* DornaTestUITests.swift in Sources */ = {isa = PBXBuildFile; fileRef = 59974CF120320712003D3BBE /* DornaTestUITests.swift */; };
		59974D1C20320726003D3BBE /* Constants.swift in Sources */ = {isa = PBXBuildFile; fileRef = 59974D0120320726003D3BBE /* Constants.swift */; };
		59974D1D20320726003D3BBE /* DataManager.swift in Sources */ = {isa = PBXBuildFile; fileRef = 59974D0320320726003D3BBE /* DataManager.swift */; };
		59974D1E20320726003D3BBE /* Utils.swift in Sources */ = {isa = PBXBuildFile; fileRef = 59974D0420320726003D3BBE /* Utils.swift */; };
		59974D2220320726003D3BBE /* UIColor+Extension.swift in Sources */ = {isa = PBXBuildFile; fileRef = 59974D0A20320726003D3BBE /* UIColor+Extension.swift */; };
		59974D2620320726003D3BBE /* UIView+Extension.swift in Sources */ = {isa = PBXBuildFile; fileRef = 59974D0E20320726003D3BBE /* UIView+Extension.swift */; };
		59974D2A20320726003D3BBE /* NSDictionary+Extension.swift in Sources */ = {isa = PBXBuildFile; fileRef = 59974D1220320726003D3BBE /* NSDictionary+Extension.swift */; };
		59974D2C20320726003D3BBE /* String+Extension.swift in Sources */ = {isa = PBXBuildFile; fileRef = 59974D1420320726003D3BBE /* String+Extension.swift */; };
		59974D2D20320726003D3BBE /* LibViewController.swift in Sources */ = {isa = PBXBuildFile; fileRef = 59974D1620320726003D3BBE /* LibViewController.swift */; };
		59974D2E20320726003D3BBE /* LibPresenter.swift in Sources */ = {isa = PBXBuildFile; fileRef = 59974D1720320726003D3BBE /* LibPresenter.swift */; };
		59974D2F20320726003D3BBE /* LibProtocols.swift in Sources */ = {isa = PBXBuildFile; fileRef = 59974D1820320726003D3BBE /* LibProtocols.swift */; };
		59974E3720321104003D3BBE /* HomePresenter.swift in Sources */ = {isa = PBXBuildFile; fileRef = 59974E3020321104003D3BBE /* HomePresenter.swift */; };
		59974E3820321104003D3BBE /* HomePresenter.swift in Sources */ = {isa = PBXBuildFile; fileRef = 59974E3020321104003D3BBE /* HomePresenter.swift */; };
		59974E3920321104003D3BBE /* HomePresenter.swift in Sources */ = {isa = PBXBuildFile; fileRef = 59974E3020321104003D3BBE /* HomePresenter.swift */; };
		59974E3A20321104003D3BBE /* HomeRouter.swift in Sources */ = {isa = PBXBuildFile; fileRef = 59974E3120321104003D3BBE /* HomeRouter.swift */; };
		59974E3B20321104003D3BBE /* HomeRouter.swift in Sources */ = {isa = PBXBuildFile; fileRef = 59974E3120321104003D3BBE /* HomeRouter.swift */; };
		59974E3C20321104003D3BBE /* HomeRouter.swift in Sources */ = {isa = PBXBuildFile; fileRef = 59974E3120321104003D3BBE /* HomeRouter.swift */; };
		59974E4020321104003D3BBE /* HomeProtocols.swift in Sources */ = {isa = PBXBuildFile; fileRef = 59974E3320321104003D3BBE /* HomeProtocols.swift */; };
		59974E4120321104003D3BBE /* HomeProtocols.swift in Sources */ = {isa = PBXBuildFile; fileRef = 59974E3320321104003D3BBE /* HomeProtocols.swift */; };
		59974E4220321104003D3BBE /* HomeProtocols.swift in Sources */ = {isa = PBXBuildFile; fileRef = 59974E3320321104003D3BBE /* HomeProtocols.swift */; };
		59974E4320321104003D3BBE /* HomeAssembly.swift in Sources */ = {isa = PBXBuildFile; fileRef = 59974E3420321104003D3BBE /* HomeAssembly.swift */; };
		59974E4420321104003D3BBE /* HomeAssembly.swift in Sources */ = {isa = PBXBuildFile; fileRef = 59974E3420321104003D3BBE /* HomeAssembly.swift */; };
		59974E4520321104003D3BBE /* HomeAssembly.swift in Sources */ = {isa = PBXBuildFile; fileRef = 59974E3420321104003D3BBE /* HomeAssembly.swift */; };
		59974E4620321104003D3BBE /* HomeInteractor.swift in Sources */ = {isa = PBXBuildFile; fileRef = 59974E3520321104003D3BBE /* HomeInteractor.swift */; };
		59974E4720321104003D3BBE /* HomeInteractor.swift in Sources */ = {isa = PBXBuildFile; fileRef = 59974E3520321104003D3BBE /* HomeInteractor.swift */; };
		59974E4820321104003D3BBE /* HomeInteractor.swift in Sources */ = {isa = PBXBuildFile; fileRef = 59974E3520321104003D3BBE /* HomeInteractor.swift */; };
		59974E592032156E003D3BBE /* Localizable.strings in Resources */ = {isa = PBXBuildFile; fileRef = 59974E4D2032156E003D3BBE /* Localizable.strings */; };
		59974E5A2032156E003D3BBE /* Localizable.strings in Resources */ = {isa = PBXBuildFile; fileRef = 59974E4D2032156E003D3BBE /* Localizable.strings */; };
		59974E5B2032156E003D3BBE /* Localizable.strings in Resources */ = {isa = PBXBuildFile; fileRef = 59974E4D2032156E003D3BBE /* Localizable.strings */; };
		59974E5C2032156E003D3BBE /* OpenSans-Semibold.ttf in Resources */ = {isa = PBXBuildFile; fileRef = 59974E4F2032156E003D3BBE /* OpenSans-Semibold.ttf */; };
		59974E5D2032156E003D3BBE /* OpenSans-Semibold.ttf in Resources */ = {isa = PBXBuildFile; fileRef = 59974E4F2032156E003D3BBE /* OpenSans-Semibold.ttf */; };
		59974E5E2032156E003D3BBE /* OpenSans-Semibold.ttf in Resources */ = {isa = PBXBuildFile; fileRef = 59974E4F2032156E003D3BBE /* OpenSans-Semibold.ttf */; };
		59974E5F2032156E003D3BBE /* OpenSans-Light.ttf in Resources */ = {isa = PBXBuildFile; fileRef = 59974E502032156E003D3BBE /* OpenSans-Light.ttf */; };
		59974E602032156E003D3BBE /* OpenSans-Light.ttf in Resources */ = {isa = PBXBuildFile; fileRef = 59974E502032156E003D3BBE /* OpenSans-Light.ttf */; };
		59974E612032156E003D3BBE /* OpenSans-Light.ttf in Resources */ = {isa = PBXBuildFile; fileRef = 59974E502032156E003D3BBE /* OpenSans-Light.ttf */; };
		59974E622032156E003D3BBE /* OpenSans-Italic.ttf in Resources */ = {isa = PBXBuildFile; fileRef = 59974E512032156E003D3BBE /* OpenSans-Italic.ttf */; };
		59974E632032156E003D3BBE /* OpenSans-Italic.ttf in Resources */ = {isa = PBXBuildFile; fileRef = 59974E512032156E003D3BBE /* OpenSans-Italic.ttf */; };
		59974E642032156E003D3BBE /* OpenSans-Italic.ttf in Resources */ = {isa = PBXBuildFile; fileRef = 59974E512032156E003D3BBE /* OpenSans-Italic.ttf */; };
		59974E652032156E003D3BBE /* OpenSans-ExtraBold.ttf in Resources */ = {isa = PBXBuildFile; fileRef = 59974E522032156E003D3BBE /* OpenSans-ExtraBold.ttf */; };
		59974E662032156E003D3BBE /* OpenSans-ExtraBold.ttf in Resources */ = {isa = PBXBuildFile; fileRef = 59974E522032156E003D3BBE /* OpenSans-ExtraBold.ttf */; };
		59974E672032156E003D3BBE /* OpenSans-ExtraBold.ttf in Resources */ = {isa = PBXBuildFile; fileRef = 59974E522032156E003D3BBE /* OpenSans-ExtraBold.ttf */; };
		59974E682032156E003D3BBE /* OpenSans-LightItalic.ttf in Resources */ = {isa = PBXBuildFile; fileRef = 59974E532032156E003D3BBE /* OpenSans-LightItalic.ttf */; };
		59974E692032156E003D3BBE /* OpenSans-LightItalic.ttf in Resources */ = {isa = PBXBuildFile; fileRef = 59974E532032156E003D3BBE /* OpenSans-LightItalic.ttf */; };
		59974E6A2032156E003D3BBE /* OpenSans-LightItalic.ttf in Resources */ = {isa = PBXBuildFile; fileRef = 59974E532032156E003D3BBE /* OpenSans-LightItalic.ttf */; };
		59974E6B2032156E003D3BBE /* OpenSans-Bold.ttf in Resources */ = {isa = PBXBuildFile; fileRef = 59974E542032156E003D3BBE /* OpenSans-Bold.ttf */; };
		59974E6C2032156E003D3BBE /* OpenSans-Bold.ttf in Resources */ = {isa = PBXBuildFile; fileRef = 59974E542032156E003D3BBE /* OpenSans-Bold.ttf */; };
		59974E6D2032156E003D3BBE /* OpenSans-Bold.ttf in Resources */ = {isa = PBXBuildFile; fileRef = 59974E542032156E003D3BBE /* OpenSans-Bold.ttf */; };
		59974E6E2032156E003D3BBE /* OpenSans-SemiboldItalic.ttf in Resources */ = {isa = PBXBuildFile; fileRef = 59974E552032156E003D3BBE /* OpenSans-SemiboldItalic.ttf */; };
		59974E6F2032156E003D3BBE /* OpenSans-SemiboldItalic.ttf in Resources */ = {isa = PBXBuildFile; fileRef = 59974E552032156E003D3BBE /* OpenSans-SemiboldItalic.ttf */; };
		59974E702032156E003D3BBE /* OpenSans-SemiboldItalic.ttf in Resources */ = {isa = PBXBuildFile; fileRef = 59974E552032156E003D3BBE /* OpenSans-SemiboldItalic.ttf */; };
		59974E712032156E003D3BBE /* OpenSans-ExtraBoldItalic.ttf in Resources */ = {isa = PBXBuildFile; fileRef = 59974E562032156E003D3BBE /* OpenSans-ExtraBoldItalic.ttf */; };
		59974E722032156E003D3BBE /* OpenSans-ExtraBoldItalic.ttf in Resources */ = {isa = PBXBuildFile; fileRef = 59974E562032156E003D3BBE /* OpenSans-ExtraBoldItalic.ttf */; };
		59974E732032156E003D3BBE /* OpenSans-ExtraBoldItalic.ttf in Resources */ = {isa = PBXBuildFile; fileRef = 59974E562032156E003D3BBE /* OpenSans-ExtraBoldItalic.ttf */; };
		59974E742032156E003D3BBE /* OpenSans-Regular.ttf in Resources */ = {isa = PBXBuildFile; fileRef = 59974E572032156E003D3BBE /* OpenSans-Regular.ttf */; };
		59974E752032156E003D3BBE /* OpenSans-Regular.ttf in Resources */ = {isa = PBXBuildFile; fileRef = 59974E572032156E003D3BBE /* OpenSans-Regular.ttf */; };
		59974E762032156E003D3BBE /* OpenSans-Regular.ttf in Resources */ = {isa = PBXBuildFile; fileRef = 59974E572032156E003D3BBE /* OpenSans-Regular.ttf */; };
		59974E772032156E003D3BBE /* OpenSans-BoldItalic.ttf in Resources */ = {isa = PBXBuildFile; fileRef = 59974E582032156E003D3BBE /* OpenSans-BoldItalic.ttf */; };
		59974E782032156E003D3BBE /* OpenSans-BoldItalic.ttf in Resources */ = {isa = PBXBuildFile; fileRef = 59974E582032156E003D3BBE /* OpenSans-BoldItalic.ttf */; };
		59974E792032156E003D3BBE /* OpenSans-BoldItalic.ttf in Resources */ = {isa = PBXBuildFile; fileRef = 59974E582032156E003D3BBE /* OpenSans-BoldItalic.ttf */; };
		59E6C62320321D3300F9F54B /* HomeListTableViewCell.swift in Sources */ = {isa = PBXBuildFile; fileRef = 59E6C62120321D3300F9F54B /* HomeListTableViewCell.swift */; };
		59E6C62420321D3300F9F54B /* HomeListTableViewCell.swift in Sources */ = {isa = PBXBuildFile; fileRef = 59E6C62120321D3300F9F54B /* HomeListTableViewCell.swift */; };
		59E6C62520321D3300F9F54B /* HomeListTableViewCell.swift in Sources */ = {isa = PBXBuildFile; fileRef = 59E6C62120321D3300F9F54B /* HomeListTableViewCell.swift */; };
		59E6C62620321D3300F9F54B /* HomeListTableViewCell.xib in Resources */ = {isa = PBXBuildFile; fileRef = 59E6C62220321D3300F9F54B /* HomeListTableViewCell.xib */; };
		59E6C62720321D3300F9F54B /* HomeListTableViewCell.xib in Resources */ = {isa = PBXBuildFile; fileRef = 59E6C62220321D3300F9F54B /* HomeListTableViewCell.xib */; };
		59E6C62820321D3300F9F54B /* HomeListTableViewCell.xib in Resources */ = {isa = PBXBuildFile; fileRef = 59E6C62220321D3300F9F54B /* HomeListTableViewCell.xib */; };
		F392E9E90A85826DA4097FDC /* Pods_DornaTestUITests.framework in Frameworks */ = {isa = PBXBuildFile; fileRef = 4B4A81EA7416836CEA0D921A /* Pods_DornaTestUITests.framework */; };
/* End PBXBuildFile section */

/* Begin PBXContainerItemProxy section */
		59974CE320320712003D3BBE /* PBXContainerItemProxy */ = {
			isa = PBXContainerItemProxy;
			containerPortal = 59974CC220320712003D3BBE /* Project object */;
			proxyType = 1;
			remoteGlobalIDString = 59974CC920320712003D3BBE;
			remoteInfo = DornaTest;
		};
		59974CEE20320712003D3BBE /* PBXContainerItemProxy */ = {
			isa = PBXContainerItemProxy;
			containerPortal = 59974CC220320712003D3BBE /* Project object */;
			proxyType = 1;
			remoteGlobalIDString = 59974CC920320712003D3BBE;
			remoteInfo = DornaTest;
		};
/* End PBXContainerItemProxy section */

/* Begin PBXFileReference section */
		11F91E683AB4821D237F7499 /* Pods_DornaTestTests.framework */ = {isa = PBXFileReference; explicitFileType = wrapper.framework; includeInIndex = 0; path = Pods_DornaTestTests.framework; sourceTree = BUILT_PRODUCTS_DIR; };
		280A2A0A51469863FCB91C85 /* Pods_DornaTest.framework */ = {isa = PBXFileReference; explicitFileType = wrapper.framework; includeInIndex = 0; path = Pods_DornaTest.framework; sourceTree = BUILT_PRODUCTS_DIR; };
		3F61108ED4A9C6CE9C4DE6A4 /* Pods-DornaTest.release.xcconfig */ = {isa = PBXFileReference; includeInIndex = 1; lastKnownFileType = text.xcconfig; name = "Pods-DornaTest.release.xcconfig"; path = "Pods/Target Support Files/Pods-DornaTest/Pods-DornaTest.release.xcconfig"; sourceTree = "<group>"; };
		4B4A81EA7416836CEA0D921A /* Pods_DornaTestUITests.framework */ = {isa = PBXFileReference; explicitFileType = wrapper.framework; includeInIndex = 0; path = Pods_DornaTestUITests.framework; sourceTree = BUILT_PRODUCTS_DIR; };
		592124A52033696C000E8F7A /* URLConstants.swift */ = {isa = PBXFileReference; lastKnownFileType = sourcecode.swift; path = URLConstants.swift; sourceTree = "<group>"; };
		592124A920336A06000E8F7A /* CommunicatorManager.swift */ = {isa = PBXFileReference; lastKnownFileType = sourcecode.swift; path = CommunicatorManager.swift; sourceTree = "<group>"; };
		59711E752032331A0058B3A8 /* HomeViewController.xib */ = {isa = PBXFileReference; fileEncoding = 4; lastKnownFileType = file.xib; path = HomeViewController.xib; sourceTree = "<group>"; };
		59711E762032331A0058B3A8 /* HomeViewController.swift */ = {isa = PBXFileReference; fileEncoding = 4; lastKnownFileType = sourcecode.swift; path = HomeViewController.swift; sourceTree = "<group>"; };
		59711E792032333A0058B3A8 /* HomeDetailViewController.swift */ = {isa = PBXFileReference; lastKnownFileType = sourcecode.swift; path = HomeDetailViewController.swift; sourceTree = "<group>"; };
		59711E7A2032333A0058B3A8 /* HomeDetailViewController.xib */ = {isa = PBXFileReference; lastKnownFileType = file.xib; path = HomeDetailViewController.xib; sourceTree = "<group>"; };
		59711E822032351B0058B3A8 /* GrandPrix.swift */ = {isa = PBXFileReference; lastKnownFileType = sourcecode.swift; path = GrandPrix.swift; sourceTree = "<group>"; };
		59711E8720335B6A0058B3A8 /* HomeListModel.swift */ = {isa = PBXFileReference; lastKnownFileType = sourcecode.swift; path = HomeListModel.swift; sourceTree = "<group>"; };
		59711E8B20335B7A0058B3A8 /* HomeDetailModel.swift */ = {isa = PBXFileReference; lastKnownFileType = sourcecode.swift; path = HomeDetailModel.swift; sourceTree = "<group>"; };
		5980E9D32034E82F00F7E664 /* GPSession.swift */ = {isa = PBXFileReference; lastKnownFileType = sourcecode.swift; path = GPSession.swift; sourceTree = "<group>"; };
		5980E9D72037AF2800F7E664 /* HomeDetailTableViewCell.swift */ = {isa = PBXFileReference; lastKnownFileType = sourcecode.swift; path = HomeDetailTableViewCell.swift; sourceTree = "<group>"; };
		5980E9D82037AF2800F7E664 /* HomeDetailTableViewCell.xib */ = {isa = PBXFileReference; lastKnownFileType = file.xib; path = HomeDetailTableViewCell.xib; sourceTree = "<group>"; };
		59974CCA20320712003D3BBE /* DornaTest.app */ = {isa = PBXFileReference; explicitFileType = wrapper.application; includeInIndex = 0; path = DornaTest.app; sourceTree = BUILT_PRODUCTS_DIR; };
		59974CCD20320712003D3BBE /* Assets.xcassets */ = {isa = PBXFileReference; lastKnownFileType = folder.assetcatalog; path = Assets.xcassets; sourceTree = "<group>"; };
		59974CD020320712003D3BBE /* Base */ = {isa = PBXFileReference; lastKnownFileType = file.storyboard; name = Base; path = Base.lproj/LaunchScreen.storyboard; sourceTree = "<group>"; };
		59974CD220320712003D3BBE /* AppDelegate.swift */ = {isa = PBXFileReference; lastKnownFileType = sourcecode.swift; path = AppDelegate.swift; sourceTree = "<group>"; };
		59974CD420320712003D3BBE /* Main.storyboard */ = {isa = PBXFileReference; lastKnownFileType = file.storyboard; path = Main.storyboard; sourceTree = "<group>"; };
		59974CD620320712003D3BBE /* ViewController.swift */ = {isa = PBXFileReference; lastKnownFileType = sourcecode.swift; path = ViewController.swift; sourceTree = "<group>"; };
		59974CDB20320712003D3BBE /* DornaTest.xcdatamodel */ = {isa = PBXFileReference; lastKnownFileType = wrapper.xcdatamodel; path = DornaTest.xcdatamodel; sourceTree = "<group>"; };
		59974CDD20320712003D3BBE /* Info.plist */ = {isa = PBXFileReference; lastKnownFileType = text.plist.xml; path = Info.plist; sourceTree = "<group>"; };
		59974CE220320712003D3BBE /* DornaTestTests.xctest */ = {isa = PBXFileReference; explicitFileType = wrapper.cfbundle; includeInIndex = 0; path = DornaTestTests.xctest; sourceTree = BUILT_PRODUCTS_DIR; };
		59974CE620320712003D3BBE /* DornaTestTests.swift */ = {isa = PBXFileReference; lastKnownFileType = sourcecode.swift; path = DornaTestTests.swift; sourceTree = "<group>"; };
		59974CE820320712003D3BBE /* Info.plist */ = {isa = PBXFileReference; lastKnownFileType = text.plist.xml; path = Info.plist; sourceTree = "<group>"; };
		59974CED20320712003D3BBE /* DornaTestUITests.xctest */ = {isa = PBXFileReference; explicitFileType = wrapper.cfbundle; includeInIndex = 0; path = DornaTestUITests.xctest; sourceTree = BUILT_PRODUCTS_DIR; };
		59974CF120320712003D3BBE /* DornaTestUITests.swift */ = {isa = PBXFileReference; lastKnownFileType = sourcecode.swift; path = DornaTestUITests.swift; sourceTree = "<group>"; };
		59974CF320320712003D3BBE /* Info.plist */ = {isa = PBXFileReference; lastKnownFileType = text.plist.xml; path = Info.plist; sourceTree = "<group>"; };
		59974D0120320726003D3BBE /* Constants.swift */ = {isa = PBXFileReference; fileEncoding = 4; lastKnownFileType = sourcecode.swift; path = Constants.swift; sourceTree = "<group>"; };
		59974D0320320726003D3BBE /* DataManager.swift */ = {isa = PBXFileReference; fileEncoding = 4; lastKnownFileType = sourcecode.swift; path = DataManager.swift; sourceTree = "<group>"; };
		59974D0420320726003D3BBE /* Utils.swift */ = {isa = PBXFileReference; fileEncoding = 4; lastKnownFileType = sourcecode.swift; path = Utils.swift; sourceTree = "<group>"; };
		59974D0A20320726003D3BBE /* UIColor+Extension.swift */ = {isa = PBXFileReference; fileEncoding = 4; lastKnownFileType = sourcecode.swift; path = "UIColor+Extension.swift"; sourceTree = "<group>"; };
		59974D0E20320726003D3BBE /* UIView+Extension.swift */ = {isa = PBXFileReference; fileEncoding = 4; lastKnownFileType = sourcecode.swift; path = "UIView+Extension.swift"; sourceTree = "<group>"; };
		59974D1220320726003D3BBE /* NSDictionary+Extension.swift */ = {isa = PBXFileReference; fileEncoding = 4; lastKnownFileType = sourcecode.swift; path = "NSDictionary+Extension.swift"; sourceTree = "<group>"; };
		59974D1420320726003D3BBE /* String+Extension.swift */ = {isa = PBXFileReference; fileEncoding = 4; lastKnownFileType = sourcecode.swift; path = "String+Extension.swift"; sourceTree = "<group>"; };
		59974D1620320726003D3BBE /* LibViewController.swift */ = {isa = PBXFileReference; fileEncoding = 4; lastKnownFileType = sourcecode.swift; path = LibViewController.swift; sourceTree = "<group>"; };
		59974D1720320726003D3BBE /* LibPresenter.swift */ = {isa = PBXFileReference; fileEncoding = 4; lastKnownFileType = sourcecode.swift; path = LibPresenter.swift; sourceTree = "<group>"; };
		59974D1820320726003D3BBE /* LibProtocols.swift */ = {isa = PBXFileReference; fileEncoding = 4; lastKnownFileType = sourcecode.swift; path = LibProtocols.swift; sourceTree = "<group>"; };
		59974E3020321104003D3BBE /* HomePresenter.swift */ = {isa = PBXFileReference; lastKnownFileType = sourcecode.swift; path = HomePresenter.swift; sourceTree = "<group>"; };
		59974E3120321104003D3BBE /* HomeRouter.swift */ = {isa = PBXFileReference; lastKnownFileType = sourcecode.swift; path = HomeRouter.swift; sourceTree = "<group>"; };
		59974E3320321104003D3BBE /* HomeProtocols.swift */ = {isa = PBXFileReference; lastKnownFileType = sourcecode.swift; path = HomeProtocols.swift; sourceTree = "<group>"; };
		59974E3420321104003D3BBE /* HomeAssembly.swift */ = {isa = PBXFileReference; lastKnownFileType = sourcecode.swift; path = HomeAssembly.swift; sourceTree = "<group>"; };
		59974E3520321104003D3BBE /* HomeInteractor.swift */ = {isa = PBXFileReference; lastKnownFileType = sourcecode.swift; path = HomeInteractor.swift; sourceTree = "<group>"; };
		59974E4D2032156E003D3BBE /* Localizable.strings */ = {isa = PBXFileReference; fileEncoding = 4; lastKnownFileType = text.plist.strings; path = Localizable.strings; sourceTree = "<group>"; };
		59974E4F2032156E003D3BBE /* OpenSans-Semibold.ttf */ = {isa = PBXFileReference; lastKnownFileType = file; path = "OpenSans-Semibold.ttf"; sourceTree = "<group>"; };
		59974E502032156E003D3BBE /* OpenSans-Light.ttf */ = {isa = PBXFileReference; lastKnownFileType = file; path = "OpenSans-Light.ttf"; sourceTree = "<group>"; };
		59974E512032156E003D3BBE /* OpenSans-Italic.ttf */ = {isa = PBXFileReference; lastKnownFileType = file; path = "OpenSans-Italic.ttf"; sourceTree = "<group>"; };
		59974E522032156E003D3BBE /* OpenSans-ExtraBold.ttf */ = {isa = PBXFileReference; lastKnownFileType = file; path = "OpenSans-ExtraBold.ttf"; sourceTree = "<group>"; };
		59974E532032156E003D3BBE /* OpenSans-LightItalic.ttf */ = {isa = PBXFileReference; lastKnownFileType = file; path = "OpenSans-LightItalic.ttf"; sourceTree = "<group>"; };
		59974E542032156E003D3BBE /* OpenSans-Bold.ttf */ = {isa = PBXFileReference; lastKnownFileType = file; path = "OpenSans-Bold.ttf"; sourceTree = "<group>"; };
		59974E552032156E003D3BBE /* OpenSans-SemiboldItalic.ttf */ = {isa = PBXFileReference; lastKnownFileType = file; path = "OpenSans-SemiboldItalic.ttf"; sourceTree = "<group>"; };
		59974E562032156E003D3BBE /* OpenSans-ExtraBoldItalic.ttf */ = {isa = PBXFileReference; lastKnownFileType = file; path = "OpenSans-ExtraBoldItalic.ttf"; sourceTree = "<group>"; };
		59974E572032156E003D3BBE /* OpenSans-Regular.ttf */ = {isa = PBXFileReference; lastKnownFileType = file; path = "OpenSans-Regular.ttf"; sourceTree = "<group>"; };
		59974E582032156E003D3BBE /* OpenSans-BoldItalic.ttf */ = {isa = PBXFileReference; lastKnownFileType = file; path = "OpenSans-BoldItalic.ttf"; sourceTree = "<group>"; };
		59E6C62120321D3300F9F54B /* HomeListTableViewCell.swift */ = {isa = PBXFileReference; lastKnownFileType = sourcecode.swift; path = HomeListTableViewCell.swift; sourceTree = "<group>"; };
		59E6C62220321D3300F9F54B /* HomeListTableViewCell.xib */ = {isa = PBXFileReference; lastKnownFileType = file.xib; path = HomeListTableViewCell.xib; sourceTree = "<group>"; };
		740078528883E363CC925ED6 /* Pods-DornaTestUITests.release.xcconfig */ = {isa = PBXFileReference; includeInIndex = 1; lastKnownFileType = text.xcconfig; name = "Pods-DornaTestUITests.release.xcconfig"; path = "Pods/Target Support Files/Pods-DornaTestUITests/Pods-DornaTestUITests.release.xcconfig"; sourceTree = "<group>"; };
		7DC7612843D4D7B705FA6982 /* Pods-DornaTestUITests.debug.xcconfig */ = {isa = PBXFileReference; includeInIndex = 1; lastKnownFileType = text.xcconfig; name = "Pods-DornaTestUITests.debug.xcconfig"; path = "Pods/Target Support Files/Pods-DornaTestUITests/Pods-DornaTestUITests.debug.xcconfig"; sourceTree = "<group>"; };
		A722E725D3C388BE707C5406 /* Pods-DornaTestTests.debug.xcconfig */ = {isa = PBXFileReference; includeInIndex = 1; lastKnownFileType = text.xcconfig; name = "Pods-DornaTestTests.debug.xcconfig"; path = "Pods/Target Support Files/Pods-DornaTestTests/Pods-DornaTestTests.debug.xcconfig"; sourceTree = "<group>"; };
		BCE5A8A897E4B754E77BA28A /* Pods-DornaTest.debug.xcconfig */ = {isa = PBXFileReference; includeInIndex = 1; lastKnownFileType = text.xcconfig; name = "Pods-DornaTest.debug.xcconfig"; path = "Pods/Target Support Files/Pods-DornaTest/Pods-DornaTest.debug.xcconfig"; sourceTree = "<group>"; };
		D1CAFEDFC75C441061AF772D /* Pods-DornaTestTests.release.xcconfig */ = {isa = PBXFileReference; includeInIndex = 1; lastKnownFileType = text.xcconfig; name = "Pods-DornaTestTests.release.xcconfig"; path = "Pods/Target Support Files/Pods-DornaTestTests/Pods-DornaTestTests.release.xcconfig"; sourceTree = "<group>"; };
/* End PBXFileReference section */

/* Begin PBXFrameworksBuildPhase section */
		59974CC720320712003D3BBE /* Frameworks */ = {
			isa = PBXFrameworksBuildPhase;
			buildActionMask = 2147483647;
			files = (
				3D0B13DEFF9B8DF62E62DD76 /* Pods_DornaTest.framework in Frameworks */,
			);
			runOnlyForDeploymentPostprocessing = 0;
		};
		59974CDF20320712003D3BBE /* Frameworks */ = {
			isa = PBXFrameworksBuildPhase;
			buildActionMask = 2147483647;
			files = (
				4EAA9C7EC4F37723B767AF66 /* Pods_DornaTestTests.framework in Frameworks */,
			);
			runOnlyForDeploymentPostprocessing = 0;
		};
		59974CEA20320712003D3BBE /* Frameworks */ = {
			isa = PBXFrameworksBuildPhase;
			buildActionMask = 2147483647;
			files = (
				F392E9E90A85826DA4097FDC /* Pods_DornaTestUITests.framework in Frameworks */,
			);
			runOnlyForDeploymentPostprocessing = 0;
		};
/* End PBXFrameworksBuildPhase section */

/* Begin PBXGroup section */
		592124A42033695F000E8F7A /* Communications */ = {
			isa = PBXGroup;
			children = (
				592124A52033696C000E8F7A /* URLConstants.swift */,
				592124A920336A06000E8F7A /* CommunicatorManager.swift */,
			);
			path = Communications;
			sourceTree = "<group>";
		};
		59711E742032331A0058B3A8 /* Views */ = {
			isa = PBXGroup;
			children = (
				59E6C62020321D0F00F9F54B /* Cells */,
				59711E762032331A0058B3A8 /* HomeViewController.swift */,
				59711E752032331A0058B3A8 /* HomeViewController.xib */,
				59711E792032333A0058B3A8 /* HomeDetailViewController.swift */,
				59711E7A2032333A0058B3A8 /* HomeDetailViewController.xib */,
			);
			path = Views;
			sourceTree = "<group>";
		};
		59711E81203234C80058B3A8 /* Models */ = {
			isa = PBXGroup;
			children = (
				59711E822032351B0058B3A8 /* GrandPrix.swift */,
				5980E9D32034E82F00F7E664 /* GPSession.swift */,
			);
			path = Models;
			sourceTree = "<group>";
		};
		59711E86203236060058B3A8 /* Models */ = {
			isa = PBXGroup;
			children = (
				59711E8720335B6A0058B3A8 /* HomeListModel.swift */,
				59711E8B20335B7A0058B3A8 /* HomeDetailModel.swift */,
			);
			path = Models;
			sourceTree = "<group>";
		};
		59974CC120320712003D3BBE = {
			isa = PBXGroup;
			children = (
				59974CCC20320712003D3BBE /* DornaTest */,
				59974CE520320712003D3BBE /* DornaTestTests */,
				59974CF020320712003D3BBE /* DornaTestUITests */,
				59974CCB20320712003D3BBE /* Products */,
				A17C58CD7AA09C5E147FD975 /* Pods */,
				E67B4684276063130BAB1DB9 /* Frameworks */,
			);
			sourceTree = "<group>";
		};
		59974CCB20320712003D3BBE /* Products */ = {
			isa = PBXGroup;
			children = (
				59974CCA20320712003D3BBE /* DornaTest.app */,
				59974CE220320712003D3BBE /* DornaTestTests.xctest */,
				59974CED20320712003D3BBE /* DornaTestUITests.xctest */,
			);
			name = Products;
			sourceTree = "<group>";
		};
		59974CCC20320712003D3BBE /* DornaTest */ = {
			isa = PBXGroup;
			children = (
				59974CFF20320726003D3BBE /* Common */,
				59974D32203208A8003D3BBE /* Scenes */,
				59711E81203234C80058B3A8 /* Models */,
				59974CCD20320712003D3BBE /* Assets.xcassets */,
				59974CCF20320712003D3BBE /* LaunchScreen.storyboard */,
				59974CD220320712003D3BBE /* AppDelegate.swift */,
				59974CD420320712003D3BBE /* Main.storyboard */,
				59974CD620320712003D3BBE /* ViewController.swift */,
				59974CDD20320712003D3BBE /* Info.plist */,
				59974CDA20320712003D3BBE /* DornaTest.xcdatamodeld */,
				59974E4C2032156E003D3BBE /* Supporting Files */,
			);
			path = DornaTest;
			sourceTree = "<group>";
		};
		59974CE520320712003D3BBE /* DornaTestTests */ = {
			isa = PBXGroup;
			children = (
				59974CE620320712003D3BBE /* DornaTestTests.swift */,
				59974CE820320712003D3BBE /* Info.plist */,
			);
			path = DornaTestTests;
			sourceTree = "<group>";
		};
		59974CF020320712003D3BBE /* DornaTestUITests */ = {
			isa = PBXGroup;
			children = (
				59974CF120320712003D3BBE /* DornaTestUITests.swift */,
				59974CF320320712003D3BBE /* Info.plist */,
			);
			path = DornaTestUITests;
			sourceTree = "<group>";
		};
		59974CFF20320726003D3BBE /* Common */ = {
			isa = PBXGroup;
			children = (
				592124A42033695F000E8F7A /* Communications */,
				59974D0020320726003D3BBE /* Utils */,
				59974D0820320726003D3BBE /* Extensions */,
				59974D1520320726003D3BBE /* Lib */,
			);
			path = Common;
			sourceTree = "<group>";
		};
		59974D0020320726003D3BBE /* Utils */ = {
			isa = PBXGroup;
			children = (
				59974D0120320726003D3BBE /* Constants.swift */,
				59974D0420320726003D3BBE /* Utils.swift */,
				59974D0220320726003D3BBE /* DataManager */,
			);
			path = Utils;
			sourceTree = "<group>";
		};
		59974D0220320726003D3BBE /* DataManager */ = {
			isa = PBXGroup;
			children = (
				59974D0320320726003D3BBE /* DataManager.swift */,
			);
			path = DataManager;
			sourceTree = "<group>";
		};
		59974D0820320726003D3BBE /* Extensions */ = {
			isa = PBXGroup;
			children = (
				59974D0A20320726003D3BBE /* UIColor+Extension.swift */,
				59974D0E20320726003D3BBE /* UIView+Extension.swift */,
				59974D1220320726003D3BBE /* NSDictionary+Extension.swift */,
				59974D1420320726003D3BBE /* String+Extension.swift */,
			);
			path = Extensions;
			sourceTree = "<group>";
		};
		59974D1520320726003D3BBE /* Lib */ = {
			isa = PBXGroup;
			children = (
				59974D1620320726003D3BBE /* LibViewController.swift */,
				59974D1720320726003D3BBE /* LibPresenter.swift */,
				59974D1820320726003D3BBE /* LibProtocols.swift */,
			);
			path = Lib;
			sourceTree = "<group>";
		};
		59974D32203208A8003D3BBE /* Scenes */ = {
			isa = PBXGroup;
			children = (
				59974D4F20320930003D3BBE /* Home */,
			);
			path = Scenes;
			sourceTree = "<group>";
		};
		59974D4F20320930003D3BBE /* Home */ = {
			isa = PBXGroup;
			children = (
				59711E86203236060058B3A8 /* Models */,
				59711E742032331A0058B3A8 /* Views */,
				59974E3420321104003D3BBE /* HomeAssembly.swift */,
				59974E3320321104003D3BBE /* HomeProtocols.swift */,
				59974E3120321104003D3BBE /* HomeRouter.swift */,
				59974E3520321104003D3BBE /* HomeInteractor.swift */,
				59974E3020321104003D3BBE /* HomePresenter.swift */,
			);
			path = Home;
			sourceTree = "<group>";
		};
		59974E4C2032156E003D3BBE /* Supporting Files */ = {
			isa = PBXGroup;
			children = (
				59974E4D2032156E003D3BBE /* Localizable.strings */,
				59974E4E2032156E003D3BBE /* Fonts */,
			);
			path = "Supporting Files";
			sourceTree = "<group>";
		};
		59974E4E2032156E003D3BBE /* Fonts */ = {
			isa = PBXGroup;
			children = (
				59974E4F2032156E003D3BBE /* OpenSans-Semibold.ttf */,
				59974E502032156E003D3BBE /* OpenSans-Light.ttf */,
				59974E512032156E003D3BBE /* OpenSans-Italic.ttf */,
				59974E522032156E003D3BBE /* OpenSans-ExtraBold.ttf */,
				59974E532032156E003D3BBE /* OpenSans-LightItalic.ttf */,
				59974E542032156E003D3BBE /* OpenSans-Bold.ttf */,
				59974E552032156E003D3BBE /* OpenSans-SemiboldItalic.ttf */,
				59974E562032156E003D3BBE /* OpenSans-ExtraBoldItalic.ttf */,
				59974E572032156E003D3BBE /* OpenSans-Regular.ttf */,
				59974E582032156E003D3BBE /* OpenSans-BoldItalic.ttf */,
			);
			path = Fonts;
			sourceTree = "<group>";
		};
		59E6C62020321D0F00F9F54B /* Cells */ = {
			isa = PBXGroup;
			children = (
				59E6C62120321D3300F9F54B /* HomeListTableViewCell.swift */,
				59E6C62220321D3300F9F54B /* HomeListTableViewCell.xib */,
				5980E9D72037AF2800F7E664 /* HomeDetailTableViewCell.swift */,
				5980E9D82037AF2800F7E664 /* HomeDetailTableViewCell.xib */,
			);
			path = Cells;
			sourceTree = "<group>";
		};
		A17C58CD7AA09C5E147FD975 /* Pods */ = {
			isa = PBXGroup;
			children = (
				BCE5A8A897E4B754E77BA28A /* Pods-DornaTest.debug.xcconfig */,
				3F61108ED4A9C6CE9C4DE6A4 /* Pods-DornaTest.release.xcconfig */,
				A722E725D3C388BE707C5406 /* Pods-DornaTestTests.debug.xcconfig */,
				D1CAFEDFC75C441061AF772D /* Pods-DornaTestTests.release.xcconfig */,
				7DC7612843D4D7B705FA6982 /* Pods-DornaTestUITests.debug.xcconfig */,
				740078528883E363CC925ED6 /* Pods-DornaTestUITests.release.xcconfig */,
			);
			name = Pods;
			sourceTree = "<group>";
		};
		E67B4684276063130BAB1DB9 /* Frameworks */ = {
			isa = PBXGroup;
			children = (
				280A2A0A51469863FCB91C85 /* Pods_DornaTest.framework */,
				11F91E683AB4821D237F7499 /* Pods_DornaTestTests.framework */,
				4B4A81EA7416836CEA0D921A /* Pods_DornaTestUITests.framework */,
			);
			name = Frameworks;
			sourceTree = "<group>";
		};
/* End PBXGroup section */

/* Begin PBXNativeTarget section */
		59974CC920320712003D3BBE /* DornaTest */ = {
			isa = PBXNativeTarget;
			buildConfigurationList = 59974CF620320712003D3BBE /* Build configuration list for PBXNativeTarget "DornaTest" */;
			buildPhases = (
				A2D13C981E22CB5B5ADD6A81 /* [CP] Check Pods Manifest.lock */,
				59974CC620320712003D3BBE /* Sources */,
				59974CC720320712003D3BBE /* Frameworks */,
				59974CC820320712003D3BBE /* Resources */,
				F2C7A72688E8E55D11AAF15C /* [CP] Embed Pods Frameworks */,
				AB5BBFF2B03EE6413C87827C /* [CP] Copy Pods Resources */,
			);
			buildRules = (
			);
			dependencies = (
			);
			name = DornaTest;
			productName = DornaTest;
			productReference = 59974CCA20320712003D3BBE /* DornaTest.app */;
			productType = "com.apple.product-type.application";
		};
		59974CE120320712003D3BBE /* DornaTestTests */ = {
			isa = PBXNativeTarget;
			buildConfigurationList = 59974CF920320712003D3BBE /* Build configuration list for PBXNativeTarget "DornaTestTests" */;
			buildPhases = (
				F7CD92951E1B527DF8232526 /* [CP] Check Pods Manifest.lock */,
				59974CDE20320712003D3BBE /* Sources */,
				59974CDF20320712003D3BBE /* Frameworks */,
				59974CE020320712003D3BBE /* Resources */,
				783F59CADD801D508B3B1630 /* [CP] Embed Pods Frameworks */,
				E6CA367F0092B073F13F0C0E /* [CP] Copy Pods Resources */,
			);
			buildRules = (
			);
			dependencies = (
				59974CE420320712003D3BBE /* PBXTargetDependency */,
			);
			name = DornaTestTests;
			productName = DornaTestTests;
			productReference = 59974CE220320712003D3BBE /* DornaTestTests.xctest */;
			productType = "com.apple.product-type.bundle.unit-test";
		};
		59974CEC20320712003D3BBE /* DornaTestUITests */ = {
			isa = PBXNativeTarget;
			buildConfigurationList = 59974CFC20320712003D3BBE /* Build configuration list for PBXNativeTarget "DornaTestUITests" */;
			buildPhases = (
				DDBAFBB826BA3D3EF5650945 /* [CP] Check Pods Manifest.lock */,
				59974CE920320712003D3BBE /* Sources */,
				59974CEA20320712003D3BBE /* Frameworks */,
				59974CEB20320712003D3BBE /* Resources */,
				E1CB01B6A11A02BFDD586662 /* [CP] Embed Pods Frameworks */,
				E8A66C531C27EEE8C38A9784 /* [CP] Copy Pods Resources */,
			);
			buildRules = (
			);
			dependencies = (
				59974CEF20320712003D3BBE /* PBXTargetDependency */,
			);
			name = DornaTestUITests;
			productName = DornaTestUITests;
			productReference = 59974CED20320712003D3BBE /* DornaTestUITests.xctest */;
			productType = "com.apple.product-type.bundle.ui-testing";
		};
/* End PBXNativeTarget section */

/* Begin PBXProject section */
		59974CC220320712003D3BBE /* Project object */ = {
			isa = PBXProject;
			attributes = {
				LastSwiftUpdateCheck = 0920;
				LastUpgradeCheck = 0920;
				ORGANIZATIONNAME = "Javier Garcia Castro";
				TargetAttributes = {
					59974CC920320712003D3BBE = {
						CreatedOnToolsVersion = 9.2;
						ProvisioningStyle = Automatic;
					};
					59974CE120320712003D3BBE = {
						CreatedOnToolsVersion = 9.2;
						ProvisioningStyle = Automatic;
						TestTargetID = 59974CC920320712003D3BBE;
					};
					59974CEC20320712003D3BBE = {
						CreatedOnToolsVersion = 9.2;
						ProvisioningStyle = Automatic;
						TestTargetID = 59974CC920320712003D3BBE;
					};
				};
			};
			buildConfigurationList = 59974CC520320712003D3BBE /* Build configuration list for PBXProject "DornaTest" */;
			compatibilityVersion = "Xcode 8.0";
			developmentRegion = en;
			hasScannedForEncodings = 0;
			knownRegions = (
				en,
				Base,
			);
			mainGroup = 59974CC120320712003D3BBE;
			productRefGroup = 59974CCB20320712003D3BBE /* Products */;
			projectDirPath = "";
			projectRoot = "";
			targets = (
				59974CC920320712003D3BBE /* DornaTest */,
				59974CE120320712003D3BBE /* DornaTestTests */,
				59974CEC20320712003D3BBE /* DornaTestUITests */,
			);
		};
/* End PBXProject section */

/* Begin PBXResourcesBuildPhase section */
		59974CC820320712003D3BBE /* Resources */ = {
			isa = PBXResourcesBuildPhase;
			buildActionMask = 2147483647;
			files = (
				59974E6B2032156E003D3BBE /* OpenSans-Bold.ttf in Resources */,
				59974E5C2032156E003D3BBE /* OpenSans-Semibold.ttf in Resources */,
				59E6C62620321D3300F9F54B /* HomeListTableViewCell.xib in Resources */,
				59974E622032156E003D3BBE /* OpenSans-Italic.ttf in Resources */,
				59974E652032156E003D3BBE /* OpenSans-ExtraBold.ttf in Resources */,
				59974E6E2032156E003D3BBE /* OpenSans-SemiboldItalic.ttf in Resources */,
				59974E592032156E003D3BBE /* Localizable.strings in Resources */,
				59711E7E2032333A0058B3A8 /* HomeDetailViewController.xib in Resources */,
				59974E682032156E003D3BBE /* OpenSans-LightItalic.ttf in Resources */,
				5980E9DC2037AF2800F7E664 /* HomeDetailTableViewCell.xib in Resources */,
				59974E5F2032156E003D3BBE /* OpenSans-Light.ttf in Resources */,
				59974CD520320712003D3BBE /* Main.storyboard in Resources */,
				59974E772032156E003D3BBE /* OpenSans-BoldItalic.ttf in Resources */,
				59974E712032156E003D3BBE /* OpenSans-ExtraBoldItalic.ttf in Resources */,
				59974E742032156E003D3BBE /* OpenSans-Regular.ttf in Resources */,
				59974CCE20320712003D3BBE /* Assets.xcassets in Resources */,
				59974CD120320712003D3BBE /* LaunchScreen.storyboard in Resources */,
				59711E772032331A0058B3A8 /* HomeViewController.xib in Resources */,
			);
			runOnlyForDeploymentPostprocessing = 0;
		};
		59974CE020320712003D3BBE /* Resources */ = {
			isa = PBXResourcesBuildPhase;
			buildActionMask = 2147483647;
			files = (
				59974E5D2032156E003D3BBE /* OpenSans-Semibold.ttf in Resources */,
				59974E752032156E003D3BBE /* OpenSans-Regular.ttf in Resources */,
				59974E6F2032156E003D3BBE /* OpenSans-SemiboldItalic.ttf in Resources */,
				59974E6C2032156E003D3BBE /* OpenSans-Bold.ttf in Resources */,
				59974E692032156E003D3BBE /* OpenSans-LightItalic.ttf in Resources */,
				59974E782032156E003D3BBE /* OpenSans-BoldItalic.ttf in Resources */,
				59974E602032156E003D3BBE /* OpenSans-Light.ttf in Resources */,
				59974E632032156E003D3BBE /* OpenSans-Italic.ttf in Resources */,
				59974E722032156E003D3BBE /* OpenSans-ExtraBoldItalic.ttf in Resources */,
				59711E7F2032333A0058B3A8 /* HomeDetailViewController.xib in Resources */,
				59E6C62720321D3300F9F54B /* HomeListTableViewCell.xib in Resources */,
				59974E5A2032156E003D3BBE /* Localizable.strings in Resources */,
				59974E662032156E003D3BBE /* OpenSans-ExtraBold.ttf in Resources */,
				5980E9DD2037AF2800F7E664 /* HomeDetailTableViewCell.xib in Resources */,
			);
			runOnlyForDeploymentPostprocessing = 0;
		};
		59974CEB20320712003D3BBE /* Resources */ = {
			isa = PBXResourcesBuildPhase;
			buildActionMask = 2147483647;
			files = (
				59974E5E2032156E003D3BBE /* OpenSans-Semibold.ttf in Resources */,
				59974E762032156E003D3BBE /* OpenSans-Regular.ttf in Resources */,
				59974E702032156E003D3BBE /* OpenSans-SemiboldItalic.ttf in Resources */,
				59974E6D2032156E003D3BBE /* OpenSans-Bold.ttf in Resources */,
				59974E6A2032156E003D3BBE /* OpenSans-LightItalic.ttf in Resources */,
				59974E792032156E003D3BBE /* OpenSans-BoldItalic.ttf in Resources */,
				59974E612032156E003D3BBE /* OpenSans-Light.ttf in Resources */,
				59974E642032156E003D3BBE /* OpenSans-Italic.ttf in Resources */,
				59974E732032156E003D3BBE /* OpenSans-ExtraBoldItalic.ttf in Resources */,
				59711E802032333A0058B3A8 /* HomeDetailViewController.xib in Resources */,
				59E6C62820321D3300F9F54B /* HomeListTableViewCell.xib in Resources */,
				59974E5B2032156E003D3BBE /* Localizable.strings in Resources */,
				59974E672032156E003D3BBE /* OpenSans-ExtraBold.ttf in Resources */,
				5980E9DE2037AF2800F7E664 /* HomeDetailTableViewCell.xib in Resources */,
			);
			runOnlyForDeploymentPostprocessing = 0;
		};
/* End PBXResourcesBuildPhase section */

/* Begin PBXShellScriptBuildPhase section */
		783F59CADD801D508B3B1630 /* [CP] Embed Pods Frameworks */ = {
			isa = PBXShellScriptBuildPhase;
			buildActionMask = 2147483647;
			files = (
			);
			inputPaths = (
				"${SRCROOT}/Pods/Target Support Files/Pods-DornaTestTests/Pods-DornaTestTests-frameworks.sh",
				"${BUILT_PRODUCTS_DIR}/Alamofire/Alamofire.framework",
			);
			name = "[CP] Embed Pods Frameworks";
			outputPaths = (
				"${TARGET_BUILD_DIR}/${FRAMEWORKS_FOLDER_PATH}/Alamofire.framework",
			);
			runOnlyForDeploymentPostprocessing = 0;
			shellPath = /bin/sh;
			shellScript = "\"${SRCROOT}/Pods/Target Support Files/Pods-DornaTestTests/Pods-DornaTestTests-frameworks.sh\"\n";
			showEnvVarsInLog = 0;
		};
		A2D13C981E22CB5B5ADD6A81 /* [CP] Check Pods Manifest.lock */ = {
			isa = PBXShellScriptBuildPhase;
			buildActionMask = 2147483647;
			files = (
			);
			inputPaths = (
				"${PODS_PODFILE_DIR_PATH}/Podfile.lock",
				"${PODS_ROOT}/Manifest.lock",
			);
			name = "[CP] Check Pods Manifest.lock";
			outputPaths = (
				"$(DERIVED_FILE_DIR)/Pods-DornaTest-checkManifestLockResult.txt",
			);
			runOnlyForDeploymentPostprocessing = 0;
			shellPath = /bin/sh;
			shellScript = "diff \"${PODS_PODFILE_DIR_PATH}/Podfile.lock\" \"${PODS_ROOT}/Manifest.lock\" > /dev/null\nif [ $? != 0 ] ; then\n    # print error to STDERR\n    echo \"error: The sandbox is not in sync with the Podfile.lock. Run 'pod install' or update your CocoaPods installation.\" >&2\n    exit 1\nfi\n# This output is used by Xcode 'outputs' to avoid re-running this script phase.\necho \"SUCCESS\" > \"${SCRIPT_OUTPUT_FILE_0}\"\n";
			showEnvVarsInLog = 0;
		};
		AB5BBFF2B03EE6413C87827C /* [CP] Copy Pods Resources */ = {
			isa = PBXShellScriptBuildPhase;
			buildActionMask = 2147483647;
			files = (
			);
			inputPaths = (
			);
			name = "[CP] Copy Pods Resources";
			outputPaths = (
			);
			runOnlyForDeploymentPostprocessing = 0;
			shellPath = /bin/sh;
			shellScript = "\"${SRCROOT}/Pods/Target Support Files/Pods-DornaTest/Pods-DornaTest-resources.sh\"\n";
			showEnvVarsInLog = 0;
		};
		DDBAFBB826BA3D3EF5650945 /* [CP] Check Pods Manifest.lock */ = {
			isa = PBXShellScriptBuildPhase;
			buildActionMask = 2147483647;
			files = (
			);
			inputPaths = (
				"${PODS_PODFILE_DIR_PATH}/Podfile.lock",
				"${PODS_ROOT}/Manifest.lock",
			);
			name = "[CP] Check Pods Manifest.lock";
			outputPaths = (
				"$(DERIVED_FILE_DIR)/Pods-DornaTestUITests-checkManifestLockResult.txt",
			);
			runOnlyForDeploymentPostprocessing = 0;
			shellPath = /bin/sh;
			shellScript = "diff \"${PODS_PODFILE_DIR_PATH}/Podfile.lock\" \"${PODS_ROOT}/Manifest.lock\" > /dev/null\nif [ $? != 0 ] ; then\n    # print error to STDERR\n    echo \"error: The sandbox is not in sync with the Podfile.lock. Run 'pod install' or update your CocoaPods installation.\" >&2\n    exit 1\nfi\n# This output is used by Xcode 'outputs' to avoid re-running this script phase.\necho \"SUCCESS\" > \"${SCRIPT_OUTPUT_FILE_0}\"\n";
			showEnvVarsInLog = 0;
		};
		E1CB01B6A11A02BFDD586662 /* [CP] Embed Pods Frameworks */ = {
			isa = PBXShellScriptBuildPhase;
			buildActionMask = 2147483647;
			files = (
			);
			inputPaths = (
				"${SRCROOT}/Pods/Target Support Files/Pods-DornaTestUITests/Pods-DornaTestUITests-frameworks.sh",
				"${BUILT_PRODUCTS_DIR}/Alamofire/Alamofire.framework",
			);
			name = "[CP] Embed Pods Frameworks";
			outputPaths = (
				"${TARGET_BUILD_DIR}/${FRAMEWORKS_FOLDER_PATH}/Alamofire.framework",
			);
			runOnlyForDeploymentPostprocessing = 0;
			shellPath = /bin/sh;
			shellScript = "\"${SRCROOT}/Pods/Target Support Files/Pods-DornaTestUITests/Pods-DornaTestUITests-frameworks.sh\"\n";
			showEnvVarsInLog = 0;
		};
		E6CA367F0092B073F13F0C0E /* [CP] Copy Pods Resources */ = {
			isa = PBXShellScriptBuildPhase;
			buildActionMask = 2147483647;
			files = (
			);
			inputPaths = (
			);
			name = "[CP] Copy Pods Resources";
			outputPaths = (
			);
			runOnlyForDeploymentPostprocessing = 0;
			shellPath = /bin/sh;
			shellScript = "\"${SRCROOT}/Pods/Target Support Files/Pods-DornaTestTests/Pods-DornaTestTests-resources.sh\"\n";
			showEnvVarsInLog = 0;
		};
		E8A66C531C27EEE8C38A9784 /* [CP] Copy Pods Resources */ = {
			isa = PBXShellScriptBuildPhase;
			buildActionMask = 2147483647;
			files = (
			);
			inputPaths = (
			);
			name = "[CP] Copy Pods Resources";
			outputPaths = (
			);
			runOnlyForDeploymentPostprocessing = 0;
			shellPath = /bin/sh;
			shellScript = "\"${SRCROOT}/Pods/Target Support Files/Pods-DornaTestUITests/Pods-DornaTestUITests-resources.sh\"\n";
			showEnvVarsInLog = 0;
		};
		F2C7A72688E8E55D11AAF15C /* [CP] Embed Pods Frameworks */ = {
			isa = PBXShellScriptBuildPhase;
			buildActionMask = 2147483647;
			files = (
			);
			inputPaths = (
				"${SRCROOT}/Pods/Target Support Files/Pods-DornaTest/Pods-DornaTest-frameworks.sh",
				"${BUILT_PRODUCTS_DIR}/Alamofire/Alamofire.framework",
			);
			name = "[CP] Embed Pods Frameworks";
			outputPaths = (
				"${TARGET_BUILD_DIR}/${FRAMEWORKS_FOLDER_PATH}/Alamofire.framework",
			);
			runOnlyForDeploymentPostprocessing = 0;
			shellPath = /bin/sh;
			shellScript = "\"${SRCROOT}/Pods/Target Support Files/Pods-DornaTest/Pods-DornaTest-frameworks.sh\"\n";
			showEnvVarsInLog = 0;
		};
		F7CD92951E1B527DF8232526 /* [CP] Check Pods Manifest.lock */ = {
			isa = PBXShellScriptBuildPhase;
			buildActionMask = 2147483647;
			files = (
			);
			inputPaths = (
				"${PODS_PODFILE_DIR_PATH}/Podfile.lock",
				"${PODS_ROOT}/Manifest.lock",
			);
			name = "[CP] Check Pods Manifest.lock";
			outputPaths = (
				"$(DERIVED_FILE_DIR)/Pods-DornaTestTests-checkManifestLockResult.txt",
			);
			runOnlyForDeploymentPostprocessing = 0;
			shellPath = /bin/sh;
			shellScript = "diff \"${PODS_PODFILE_DIR_PATH}/Podfile.lock\" \"${PODS_ROOT}/Manifest.lock\" > /dev/null\nif [ $? != 0 ] ; then\n    # print error to STDERR\n    echo \"error: The sandbox is not in sync with the Podfile.lock. Run 'pod install' or update your CocoaPods installation.\" >&2\n    exit 1\nfi\n# This output is used by Xcode 'outputs' to avoid re-running this script phase.\necho \"SUCCESS\" > \"${SCRIPT_OUTPUT_FILE_0}\"\n";
			showEnvVarsInLog = 0;
		};
/* End PBXShellScriptBuildPhase section */

/* Begin PBXSourcesBuildPhase section */
		59974CC620320712003D3BBE /* Sources */ = {
			isa = PBXSourcesBuildPhase;
			buildActionMask = 2147483647;
			files = (
				59974D2E20320726003D3BBE /* LibPresenter.swift in Sources */,
				59974CDC20320712003D3BBE /* DornaTest.xcdatamodeld in Sources */,
				592124AA20336A06000E8F7A /* CommunicatorManager.swift in Sources */,
				59711E782032331A0058B3A8 /* HomeViewController.swift in Sources */,
				59974D1D20320726003D3BBE /* DataManager.swift in Sources */,
				59974E4320321104003D3BBE /* HomeAssembly.swift in Sources */,
				5980E9D92037AF2800F7E664 /* HomeDetailTableViewCell.swift in Sources */,
				59974CD720320712003D3BBE /* ViewController.swift in Sources */,
				59974D2F20320726003D3BBE /* LibProtocols.swift in Sources */,
				59974D2D20320726003D3BBE /* LibViewController.swift in Sources */,
				59974E4620321104003D3BBE /* HomeInteractor.swift in Sources */,
				59974D2C20320726003D3BBE /* String+Extension.swift in Sources */,
				59974CD320320712003D3BBE /* AppDelegate.swift in Sources */,
				59974E4020321104003D3BBE /* HomeProtocols.swift in Sources */,
				59974E3A20321104003D3BBE /* HomeRouter.swift in Sources */,
				59974D2A20320726003D3BBE /* NSDictionary+Extension.swift in Sources */,
				59711E7B2032333A0058B3A8 /* HomeDetailViewController.swift in Sources */,
				59974E3720321104003D3BBE /* HomePresenter.swift in Sources */,
				59974D2620320726003D3BBE /* UIView+Extension.swift in Sources */,
				59711E8820335B6A0058B3A8 /* HomeListModel.swift in Sources */,
				59711E832032351B0058B3A8 /* GrandPrix.swift in Sources */,
				59974D1C20320726003D3BBE /* Constants.swift in Sources */,
				59974D1E20320726003D3BBE /* Utils.swift in Sources */,
				59974D2220320726003D3BBE /* UIColor+Extension.swift in Sources */,
				592124A62033696C000E8F7A /* URLConstants.swift in Sources */,
				59711E8C20335B7A0058B3A8 /* HomeDetailModel.swift in Sources */,
				5980E9D42034E82F00F7E664 /* GPSession.swift in Sources */,
				59E6C62320321D3300F9F54B /* HomeListTableViewCell.swift in Sources */,
			);
			runOnlyForDeploymentPostprocessing = 0;
		};
		59974CDE20320712003D3BBE /* Sources */ = {
			isa = PBXSourcesBuildPhase;
			buildActionMask = 2147483647;
			files = (
				592124AB20336A06000E8F7A /* CommunicatorManager.swift in Sources */,
				592124A72033696C000E8F7A /* URLConstants.swift in Sources */,
				5921247E20336338000E8F7A /* LibViewController.swift in Sources */,
				59711E8920335B6A0058B3A8 /* HomeListModel.swift in Sources */,
				59974E4420321104003D3BBE /* HomeAssembly.swift in Sources */,
				59974CE720320712003D3BBE /* DornaTestTests.swift in Sources */,
				59974E4120321104003D3BBE /* HomeProtocols.swift in Sources */,
				592124842033636B000E8F7A /* HomeViewController.swift in Sources */,
				59974E3B20321104003D3BBE /* HomeRouter.swift in Sources */,
				5921248A2033664F000E8F7A /* DataManager.swift in Sources */,
				5921249E20336673000E8F7A /* NSDictionary+Extension.swift in Sources */,
				5921248620336647000E8F7A /* Constants.swift in Sources */,
				59711E7C2032333A0058B3A8 /* HomeDetailViewController.swift in Sources */,
				592124882033664B000E8F7A /* Utils.swift in Sources */,
				59974E3820321104003D3BBE /* HomePresenter.swift in Sources */,
				59711E8D20335B7A0058B3A8 /* HomeDetailModel.swift in Sources */,
				592124822033633E000E8F7A /* LibProtocols.swift in Sources */,
				5980E9D52034E82F00F7E664 /* GPSession.swift in Sources */,
				592124802033633B000E8F7A /* LibPresenter.swift in Sources */,
				5921249620336665000E8F7A /* UIView+Extension.swift in Sources */,
				5980E9DA2037AF2800F7E664 /* HomeDetailTableViewCell.swift in Sources */,
				59711E842032351B0058B3A8 /* GrandPrix.swift in Sources */,
				59E6C62420321D3300F9F54B /* HomeListTableViewCell.swift in Sources */,
				59974E4720321104003D3BBE /* HomeInteractor.swift in Sources */,
				592124A220336679000E8F7A /* String+Extension.swift in Sources */,
				5921248E20336658000E8F7A /* UIColor+Extension.swift in Sources */,
			);
			runOnlyForDeploymentPostprocessing = 0;
		};
		59974CE920320712003D3BBE /* Sources */ = {
			isa = PBXSourcesBuildPhase;
			buildActionMask = 2147483647;
			files = (
				592124AC20336A06000E8F7A /* CommunicatorManager.swift in Sources */,
				592124A82033696C000E8F7A /* URLConstants.swift in Sources */,
				5921247F20336338000E8F7A /* LibViewController.swift in Sources */,
				59711E8A20335B6A0058B3A8 /* HomeListModel.swift in Sources */,
				59974E4520321104003D3BBE /* HomeAssembly.swift in Sources */,
				59974CF220320712003D3BBE /* DornaTestUITests.swift in Sources */,
				59974E4220321104003D3BBE /* HomeProtocols.swift in Sources */,
				592124852033636C000E8F7A /* HomeViewController.swift in Sources */,
				59974E3C20321104003D3BBE /* HomeRouter.swift in Sources */,
				5921248B2033664F000E8F7A /* DataManager.swift in Sources */,
				5921249F20336673000E8F7A /* NSDictionary+Extension.swift in Sources */,
				5921248720336648000E8F7A /* Constants.swift in Sources */,
				59711E7D2032333A0058B3A8 /* HomeDetailViewController.swift in Sources */,
				592124892033664B000E8F7A /* Utils.swift in Sources */,
				59974E3920321104003D3BBE /* HomePresenter.swift in Sources */,
				59711E8E20335B7A0058B3A8 /* HomeDetailModel.swift in Sources */,
				592124832033633F000E8F7A /* LibProtocols.swift in Sources */,
				5980E9D62034E82F00F7E664 /* GPSession.swift in Sources */,
				592124812033633C000E8F7A /* LibPresenter.swift in Sources */,
				5921249720336666000E8F7A /* UIView+Extension.swift in Sources */,
				5980E9DB2037AF2800F7E664 /* HomeDetailTableViewCell.swift in Sources */,
				59711E852032351B0058B3A8 /* GrandPrix.swift in Sources */,
				59E6C62520321D3300F9F54B /* HomeListTableViewCell.swift in Sources */,
				59974E4820321104003D3BBE /* HomeInteractor.swift in Sources */,
				592124A320336679000E8F7A /* String+Extension.swift in Sources */,
				5921248F20336658000E8F7A /* UIColor+Extension.swift in Sources */,
			);
			runOnlyForDeploymentPostprocessing = 0;
		};
/* End PBXSourcesBuildPhase section */

/* Begin PBXTargetDependency section */
		59974CE420320712003D3BBE /* PBXTargetDependency */ = {
			isa = PBXTargetDependency;
			target = 59974CC920320712003D3BBE /* DornaTest */;
			targetProxy = 59974CE320320712003D3BBE /* PBXContainerItemProxy */;
		};
		59974CEF20320712003D3BBE /* PBXTargetDependency */ = {
			isa = PBXTargetDependency;
			target = 59974CC920320712003D3BBE /* DornaTest */;
			targetProxy = 59974CEE20320712003D3BBE /* PBXContainerItemProxy */;
		};
/* End PBXTargetDependency section */

/* Begin PBXVariantGroup section */
		59974CCF20320712003D3BBE /* LaunchScreen.storyboard */ = {
			isa = PBXVariantGroup;
			children = (
				59974CD020320712003D3BBE /* Base */,
			);
			name = LaunchScreen.storyboard;
			sourceTree = "<group>";
		};
/* End PBXVariantGroup section */

/* Begin XCBuildConfiguration section */
		59974CF420320712003D3BBE /* Debug */ = {
			isa = XCBuildConfiguration;
			buildSettings = {
				ALWAYS_SEARCH_USER_PATHS = NO;
				CLANG_ANALYZER_NONNULL = YES;
				CLANG_ANALYZER_NUMBER_OBJECT_CONVERSION = YES_AGGRESSIVE;
				CLANG_CXX_LANGUAGE_STANDARD = "gnu++14";
				CLANG_CXX_LIBRARY = "libc++";
				CLANG_ENABLE_MODULES = YES;
				CLANG_ENABLE_OBJC_ARC = YES;
				CLANG_WARN_BLOCK_CAPTURE_AUTORELEASING = YES;
				CLANG_WARN_BOOL_CONVERSION = YES;
				CLANG_WARN_COMMA = YES;
				CLANG_WARN_CONSTANT_CONVERSION = YES;
				CLANG_WARN_DIRECT_OBJC_ISA_USAGE = YES_ERROR;
				CLANG_WARN_DOCUMENTATION_COMMENTS = YES;
				CLANG_WARN_EMPTY_BODY = YES;
				CLANG_WARN_ENUM_CONVERSION = YES;
				CLANG_WARN_INFINITE_RECURSION = YES;
				CLANG_WARN_INT_CONVERSION = YES;
				CLANG_WARN_NON_LITERAL_NULL_CONVERSION = YES;
				CLANG_WARN_OBJC_LITERAL_CONVERSION = YES;
				CLANG_WARN_OBJC_ROOT_CLASS = YES_ERROR;
				CLANG_WARN_RANGE_LOOP_ANALYSIS = YES;
				CLANG_WARN_STRICT_PROTOTYPES = YES;
				CLANG_WARN_SUSPICIOUS_MOVE = YES;
				CLANG_WARN_UNGUARDED_AVAILABILITY = YES_AGGRESSIVE;
				CLANG_WARN_UNREACHABLE_CODE = YES;
				CLANG_WARN__DUPLICATE_METHOD_MATCH = YES;
				CODE_SIGN_IDENTITY = "iPhone Developer";
				COPY_PHASE_STRIP = NO;
				DEBUG_INFORMATION_FORMAT = dwarf;
				ENABLE_STRICT_OBJC_MSGSEND = YES;
				ENABLE_TESTABILITY = YES;
				GCC_C_LANGUAGE_STANDARD = gnu11;
				GCC_DYNAMIC_NO_PIC = NO;
				GCC_NO_COMMON_BLOCKS = YES;
				GCC_OPTIMIZATION_LEVEL = 0;
				GCC_PREPROCESSOR_DEFINITIONS = (
					"DEBUG=1",
					"$(inherited)",
				);
				GCC_WARN_64_TO_32_BIT_CONVERSION = YES;
				GCC_WARN_ABOUT_RETURN_TYPE = YES_ERROR;
				GCC_WARN_UNDECLARED_SELECTOR = YES;
				GCC_WARN_UNINITIALIZED_AUTOS = YES_AGGRESSIVE;
				GCC_WARN_UNUSED_FUNCTION = YES;
				GCC_WARN_UNUSED_VARIABLE = YES;
				IPHONEOS_DEPLOYMENT_TARGET = 11.2;
				MTL_ENABLE_DEBUG_INFO = YES;
				ONLY_ACTIVE_ARCH = YES;
				SDKROOT = iphoneos;
				SWIFT_ACTIVE_COMPILATION_CONDITIONS = DEBUG;
				SWIFT_OPTIMIZATION_LEVEL = "-Onone";
			};
			name = Debug;
		};
		59974CF520320712003D3BBE /* Release */ = {
			isa = XCBuildConfiguration;
			buildSettings = {
				ALWAYS_SEARCH_USER_PATHS = NO;
				CLANG_ANALYZER_NONNULL = YES;
				CLANG_ANALYZER_NUMBER_OBJECT_CONVERSION = YES_AGGRESSIVE;
				CLANG_CXX_LANGUAGE_STANDARD = "gnu++14";
				CLANG_CXX_LIBRARY = "libc++";
				CLANG_ENABLE_MODULES = YES;
				CLANG_ENABLE_OBJC_ARC = YES;
				CLANG_WARN_BLOCK_CAPTURE_AUTORELEASING = YES;
				CLANG_WARN_BOOL_CONVERSION = YES;
				CLANG_WARN_COMMA = YES;
				CLANG_WARN_CONSTANT_CONVERSION = YES;
				CLANG_WARN_DIRECT_OBJC_ISA_USAGE = YES_ERROR;
				CLANG_WARN_DOCUMENTATION_COMMENTS = YES;
				CLANG_WARN_EMPTY_BODY = YES;
				CLANG_WARN_ENUM_CONVERSION = YES;
				CLANG_WARN_INFINITE_RECURSION = YES;
				CLANG_WARN_INT_CONVERSION = YES;
				CLANG_WARN_NON_LITERAL_NULL_CONVERSION = YES;
				CLANG_WARN_OBJC_LITERAL_CONVERSION = YES;
				CLANG_WARN_OBJC_ROOT_CLASS = YES_ERROR;
				CLANG_WARN_RANGE_LOOP_ANALYSIS = YES;
				CLANG_WARN_STRICT_PROTOTYPES = YES;
				CLANG_WARN_SUSPICIOUS_MOVE = YES;
				CLANG_WARN_UNGUARDED_AVAILABILITY = YES_AGGRESSIVE;
				CLANG_WARN_UNREACHABLE_CODE = YES;
				CLANG_WARN__DUPLICATE_METHOD_MATCH = YES;
				CODE_SIGN_IDENTITY = "iPhone Developer";
				COPY_PHASE_STRIP = NO;
				DEBUG_INFORMATION_FORMAT = "dwarf-with-dsym";
				ENABLE_NS_ASSERTIONS = NO;
				ENABLE_STRICT_OBJC_MSGSEND = YES;
				GCC_C_LANGUAGE_STANDARD = gnu11;
				GCC_NO_COMMON_BLOCKS = YES;
				GCC_WARN_64_TO_32_BIT_CONVERSION = YES;
				GCC_WARN_ABOUT_RETURN_TYPE = YES_ERROR;
				GCC_WARN_UNDECLARED_SELECTOR = YES;
				GCC_WARN_UNINITIALIZED_AUTOS = YES_AGGRESSIVE;
				GCC_WARN_UNUSED_FUNCTION = YES;
				GCC_WARN_UNUSED_VARIABLE = YES;
				IPHONEOS_DEPLOYMENT_TARGET = 11.2;
				MTL_ENABLE_DEBUG_INFO = NO;
				SDKROOT = iphoneos;
				SWIFT_OPTIMIZATION_LEVEL = "-Owholemodule";
				VALIDATE_PRODUCT = YES;
			};
			name = Release;
		};
		59974CF720320712003D3BBE /* Debug */ = {
			isa = XCBuildConfiguration;
			baseConfigurationReference = BCE5A8A897E4B754E77BA28A /* Pods-DornaTest.debug.xcconfig */;
			buildSettings = {
				ASSETCATALOG_COMPILER_APPICON_NAME = AppIcon;
				CODE_SIGN_STYLE = Automatic;
				DEVELOPMENT_TEAM = 8LR35SS5W3;
				INFOPLIST_FILE = DornaTest/Info.plist;
				LD_RUNPATH_SEARCH_PATHS = "$(inherited) @executable_path/Frameworks";
				PRODUCT_BUNDLE_IDENTIFIER = com.JGC.DornaTest;
				PRODUCT_NAME = "$(TARGET_NAME)";
				SWIFT_VERSION = 4.0;
				TARGETED_DEVICE_FAMILY = 1;
			};
			name = Debug;
		};
		59974CF820320712003D3BBE /* Release */ = {
			isa = XCBuildConfiguration;
			baseConfigurationReference = 3F61108ED4A9C6CE9C4DE6A4 /* Pods-DornaTest.release.xcconfig */;
			buildSettings = {
				ASSETCATALOG_COMPILER_APPICON_NAME = AppIcon;
				CODE_SIGN_STYLE = Automatic;
				DEVELOPMENT_TEAM = 8LR35SS5W3;
				INFOPLIST_FILE = DornaTest/Info.plist;
				LD_RUNPATH_SEARCH_PATHS = "$(inherited) @executable_path/Frameworks";
				PRODUCT_BUNDLE_IDENTIFIER = com.JGC.DornaTest;
				PRODUCT_NAME = "$(TARGET_NAME)";
				SWIFT_VERSION = 4.0;
				TARGETED_DEVICE_FAMILY = 1;
			};
			name = Release;
		};
		59974CFA20320712003D3BBE /* Debug */ = {
			isa = XCBuildConfiguration;
			baseConfigurationReference = A722E725D3C388BE707C5406 /* Pods-DornaTestTests.debug.xcconfig */;
			buildSettings = {
				ALWAYS_EMBED_SWIFT_STANDARD_LIBRARIES = YES;
				BUNDLE_LOADER = "$(TEST_HOST)";
				CODE_SIGN_STYLE = Automatic;
				DEVELOPMENT_TEAM = 8LR35SS5W3;
				INFOPLIST_FILE = DornaTestTests/Info.plist;
				LD_RUNPATH_SEARCH_PATHS = "$(inherited) @executable_path/Frameworks @loader_path/Frameworks";
				PRODUCT_BUNDLE_IDENTIFIER = com.JGC.DornaTestTests;
				PRODUCT_NAME = "$(TARGET_NAME)";
				SWIFT_VERSION = 4.0;
				TARGETED_DEVICE_FAMILY = "1,2";
				TEST_HOST = "$(BUILT_PRODUCTS_DIR)/DornaTest.app/DornaTest";
			};
			name = Debug;
		};
		59974CFB20320712003D3BBE /* Release */ = {
			isa = XCBuildConfiguration;
			baseConfigurationReference = D1CAFEDFC75C441061AF772D /* Pods-DornaTestTests.release.xcconfig */;
			buildSettings = {
				ALWAYS_EMBED_SWIFT_STANDARD_LIBRARIES = YES;
				BUNDLE_LOADER = "$(TEST_HOST)";
				CODE_SIGN_STYLE = Automatic;
				DEVELOPMENT_TEAM = 8LR35SS5W3;
				INFOPLIST_FILE = DornaTestTests/Info.plist;
				LD_RUNPATH_SEARCH_PATHS = "$(inherited) @executable_path/Frameworks @loader_path/Frameworks";
				PRODUCT_BUNDLE_IDENTIFIER = com.JGC.DornaTestTests;
				PRODUCT_NAME = "$(TARGET_NAME)";
				SWIFT_VERSION = 4.0;
				TARGETED_DEVICE_FAMILY = "1,2";
				TEST_HOST = "$(BUILT_PRODUCTS_DIR)/DornaTest.app/DornaTest";
			};
			name = Release;
		};
		59974CFD20320712003D3BBE /* Debug */ = {
			isa = XCBuildConfiguration;
			baseConfigurationReference = 7DC7612843D4D7B705FA6982 /* Pods-DornaTestUITests.debug.xcconfig */;
			buildSettings = {
				ALWAYS_EMBED_SWIFT_STANDARD_LIBRARIES = YES;
				CODE_SIGN_STYLE = Automatic;
				DEVELOPMENT_TEAM = 8LR35SS5W3;
				INFOPLIST_FILE = DornaTestUITests/Info.plist;
				LD_RUNPATH_SEARCH_PATHS = "$(inherited) @executable_path/Frameworks @loader_path/Frameworks";
				PRODUCT_BUNDLE_IDENTIFIER = com.JGC.DornaTestUITests;
				PRODUCT_NAME = "$(TARGET_NAME)";
				SWIFT_VERSION = 4.0;
				TARGETED_DEVICE_FAMILY = "1,2";
				TEST_TARGET_NAME = DornaTest;
			};
			name = Debug;
		};
		59974CFE20320712003D3BBE /* Release */ = {
			isa = XCBuildConfiguration;
			baseConfigurationReference = 740078528883E363CC925ED6 /* Pods-DornaTestUITests.release.xcconfig */;
			buildSettings = {
				ALWAYS_EMBED_SWIFT_STANDARD_LIBRARIES = YES;
				CODE_SIGN_STYLE = Automatic;
				DEVELOPMENT_TEAM = 8LR35SS5W3;
				INFOPLIST_FILE = DornaTestUITests/Info.plist;
				LD_RUNPATH_SEARCH_PATHS = "$(inherited) @executable_path/Frameworks @loader_path/Frameworks";
				PRODUCT_BUNDLE_IDENTIFIER = com.JGC.DornaTestUITests;
				PRODUCT_NAME = "$(TARGET_NAME)";
				SWIFT_VERSION = 4.0;
				TARGETED_DEVICE_FAMILY = "1,2";
				TEST_TARGET_NAME = DornaTest;
			};
			name = Release;
		};
/* End XCBuildConfiguration section */

/* Begin XCConfigurationList section */
		59974CC520320712003D3BBE /* Build configuration list for PBXProject "DornaTest" */ = {
			isa = XCConfigurationList;
			buildConfigurations = (
				59974CF420320712003D3BBE /* Debug */,
				59974CF520320712003D3BBE /* Release */,
			);
			defaultConfigurationIsVisible = 0;
			defaultConfigurationName = Release;
		};
		59974CF620320712003D3BBE /* Build configuration list for PBXNativeTarget "DornaTest" */ = {
			isa = XCConfigurationList;
			buildConfigurations = (
				59974CF720320712003D3BBE /* Debug */,
				59974CF820320712003D3BBE /* Release */,
			);
			defaultConfigurationIsVisible = 0;
			defaultConfigurationName = Release;
		};
		59974CF920320712003D3BBE /* Build configuration list for PBXNativeTarget "DornaTestTests" */ = {
			isa = XCConfigurationList;
			buildConfigurations = (
				59974CFA20320712003D3BBE /* Debug */,
				59974CFB20320712003D3BBE /* Release */,
			);
			defaultConfigurationIsVisible = 0;
			defaultConfigurationName = Release;
		};
		59974CFC20320712003D3BBE /* Build configuration list for PBXNativeTarget "DornaTestUITests" */ = {
			isa = XCConfigurationList;
			buildConfigurations = (
				59974CFD20320712003D3BBE /* Debug */,
				59974CFE20320712003D3BBE /* Release */,
			);
			defaultConfigurationIsVisible = 0;
			defaultConfigurationName = Release;
		};
/* End XCConfigurationList section */

/* Begin XCVersionGroup section */
		59974CDA20320712003D3BBE /* DornaTest.xcdatamodeld */ = {
			isa = XCVersionGroup;
			children = (
				59974CDB20320712003D3BBE /* DornaTest.xcdatamodel */,
			);
			currentVersion = 59974CDB20320712003D3BBE /* DornaTest.xcdatamodel */;
			path = DornaTest.xcdatamodeld;
			sourceTree = "<group>";
			versionGroupType = wrapper.xcdatamodel;
		};
/* End XCVersionGroup section */
	};
	rootObject = 59974CC220320712003D3BBE /* Project object */;
}
